
Microsoft Visual Studio Solution File, Format Version 12.00
# Visual Studio Version 16
VisualStudioVersion = 16.0.31129.286
MinimumVisualStudioVersion = 10.0.40219.1
Project("{FAE04EC0-301F-11D3-BF4B-00C04F79EFBC}") = "Calculators", "Calculators\Calculators.csproj", "{06B1BD8C-5088-460C-B034-29AA337E275C}"
EndProject
Global
	GlobalSection(SolutionConfigurationPlatforms) = preSolution
		Debug|Any CPU = Debug|Any CPU
		Release|Any CPU = Release|Any CPU
	EndGlobalSection
	GlobalSection(ProjectConfigurationPlatforms) = postSolution
		{06B1BD8C-5088-460C-B034-29AA337E275C}.Debug|Any CPU.ActiveCfg = Debug|Any CPU
		{06B1BD8C-5088-460C-B034-29AA337E275C}.Debug|Any CPU.Build.0 = Debug|Any CPU
		{06B1BD8C-5088-460C-B034-29AA337E275C}.Release|Any CPU.ActiveCfg = Release|Any CPU
		{06B1BD8C-5088-460C-B034-29AA337E275C}.Release|Any CPU.Build.0 = Release|Any CPU
	EndGlobalSection
	GlobalSection(SolutionProperties) = preSolution
		HideSolutionNode = FALSE
	EndGlobalSection
	GlobalSection(ExtensibilityGlobals) = postSolution
		SolutionGuid = {06BA81DA-84F6-4D22-8A06-7D5A63DF5D98}
	EndGlobalSection
EndGlobal
